{
  "name": "@ula-aca/connection",
  "version": "0.0.0",
  "lockfileVersion": 1,
  "requires": true,
  "dependencies": {
    "@ula-aca/aries-cloudagent-interface": {
      "version": "1.0.0",
      "resolved": "https://npm.pkg.github.com/download/@ula-aca/aries-cloudagent-interface/1.0.0/00132df6156c6d0c161f534991d7dcaab8f6cb600a1ebf034b6c3e247e5415be",
      "integrity": "sha512-rTjkaD7Po7iF4UmpcWatZlSKxeCrl/d7Sfd4uv3BXTH0gpZfbdDCAHNc+duSBy2Ow0fX+DoLiO9oeqRyPsOMKQ==",
      "requires": {
        "axios": "^0.19.0"
      }
    },
    "axios": {
      "version": "0.19.0",
      "resolved": "https://registry.npmjs.org/axios/-/axios-0.19.0.tgz",
      "integrity": "sha512-1uvKqKQta3KBxIz14F2v06AEHZ/dIoeKfbTRkK1E5oqjDnuEerLmYTgJB5AiQZHJcljpg1TuRzdjDR06qNk0DQ==",
      "requires": {
        "follow-redirects": "1.5.10",
        "is-buffer": "^2.0.2"
      }
    },
    "class-transformer": {
      "version": "0.2.3",
      "resolved": "https://registry.npmjs.org/class-transformer/-/class-transformer-0.2.3.tgz",
      "integrity": "sha512-qsP+0xoavpOlJHuYsQJsN58HXSl8Jvveo+T37rEvCEeRfMWoytAyR0Ua/YsFgpM6AZYZ/og2PJwArwzJl1aXtQ=="
    },
    "debug": {
      "version": "3.1.0",
      "resolved": "https://registry.npmjs.org/debug/-/debug-3.1.0.tgz",
      "integrity": "sha512-OX8XqP7/1a9cqkxYw2yXss15f26NKWBpDXQd0/uK/KPqdQhxbPa994hnzjcE2VqQpDslf55723cKPUOGSmMY3g==",
      "requires": {
        "ms": "2.0.0"
      }
    },
    "follow-redirects": {
      "version": "1.5.10",
      "resolved": "https://registry.npmjs.org/follow-redirects/-/follow-redirects-1.5.10.tgz",
      "integrity": "sha512-0V5l4Cizzvqt5D44aTXbFZz+FtyXV1vrDN6qrelxtfYQKW0KO0W2T/hkE8xvGa/540LkZlkaUjO4ailYTFtHVQ==",
      "requires": {
        "debug": "=3.1.0"
      }
    },
    "is-buffer": {
      "version": "2.0.4",
      "resolved": "https://registry.npmjs.org/is-buffer/-/is-buffer-2.0.4.tgz",
      "integrity": "sha512-Kq1rokWXOPXWuaMAqZiJW4XxsmD9zGx9q4aePabbn3qCRGedtH7Cm+zV8WETitMfu1wdh+Rvd6w5egwSngUX2A=="
    },
    "ms": {
      "version": "2.0.0",
      "resolved": "https://registry.npmjs.org/ms/-/ms-2.0.0.tgz",
      "integrity": "sha1-VgiurfwAvmwpAd9fmGF4jeDVl8g="
    },
    "universal-ledger-agent": {
      "version": "0.1.1",
      "resolved": "https://registry.npmjs.org/universal-ledger-agent/-/universal-ledger-agent-0.1.1.tgz",
      "integrity": "sha512-ENX8EYcK032eZ6hyZNsHB5dg45NfHeEu0rYfnRcQ4mm68UEAe74vMq8mkMklkJBRXtQE6rKqARhnYbMJbbUA8w==",
      "requires": {
        "class-transformer": "^0.2.0",
        "uuid": "^3.3.2"
      }
    },
    "uuid": {
      "version": "3.3.3",
      "resolved": "https://registry.npmjs.org/uuid/-/uuid-3.3.3.tgz",
      "integrity": "sha512-pW0No1RGHgzlpHJO1nsVrHKpOEIxkGg1xB+v0ZmdNH5OAeAwzAVrCnI2/6Mtx+Uys6iaylxa+D3g4j63IKKjSQ=="
    }
  }
}
